
Microsoft Visual Studio Solution File, Format Version 12.00
# Visual Studio Version 17
VisualStudioVersion = 17.7.34031.279
MinimumVisualStudioVersion = 10.0.40219.1
Project("{9A19103F-16F7-4668-BE54-9A1E7A4F7556}") = "NPPTest", "NPPTest.csproj", "{182D74BB-14A0-4359-BE48-8B4DEA7A476A}"
EndProject
Global
	GlobalSection(SolutionConfigurationPlatforms) = preSolution
		Debug|Any CPU = Debug|Any CPU
		Release|Any CPU = Release|Any CPU
	EndGlobalSection
	GlobalSection(ProjectConfigurationPlatforms) = postSolution
		{182D74BB-14A0-4359-BE48-8B4DEA7A476A}.Debug|Any CPU.ActiveCfg = Debug|Any CPU
		{182D74BB-14A0-4359-BE48-8B4DEA7A476A}.Debug|Any CPU.Build.0 = Debug|Any CPU
		{182D74BB-14A0-4359-BE48-8B4DEA7A476A}.Release|Any CPU.ActiveCfg = Release|Any CPU
		{182D74BB-14A0-4359-BE48-8B4DEA7A476A}.Release|Any CPU.Build.0 = Release|Any CPU
	EndGlobalSection
	GlobalSection(SolutionProperties) = preSolution
		HideSolutionNode = FALSE
	EndGlobalSection
	GlobalSection(ExtensibilityGlobals) = postSolution
		SolutionGuid = {7E10B932-C749-4D5E-94F5-F44799997B6F}
	EndGlobalSection
EndGlobal
